
Microsoft Visual Studio Solution File, Format Version 12.00
# Visual Studio Version 16
VisualStudioVersion = 16.0.31019.35
MinimumVisualStudioVersion = 10.0.40219.1
Project("{FAE04EC0-301F-11D3-BF4B-00C04F79EFBC}") = "NMSPakViewer", "NMSPakViewer.csproj", "{EEB831EB-AF0D-4F9E-91F8-9FCB0BBB433A}"
EndProject
Global
	GlobalSection(SolutionConfigurationPlatforms) = preSolution
		Debug|Any CPU = Debug|Any CPU
		Release|Any CPU = Release|Any CPU
	EndGlobalSection
	GlobalSection(ProjectConfigurationPlatforms) = postSolution
		{EEB831EB-AF0D-4F9E-91F8-9FCB0BBB433A}.Debug|Any CPU.ActiveCfg = Debug|Any CPU
		{EEB831EB-AF0D-4F9E-91F8-9FCB0BBB433A}.Debug|Any CPU.Build.0 = Debug|Any CPU
		{EEB831EB-AF0D-4F9E-91F8-9FCB0BBB433A}.Release|Any CPU.ActiveCfg = Release|Any CPU
		{EEB831EB-AF0D-4F9E-91F8-9FCB0BBB433A}.Release|Any CPU.Build.0 = Release|Any CPU
	EndGlobalSection
	GlobalSection(SolutionProperties) = preSolution
		HideSolutionNode = FALSE
	EndGlobalSection
	GlobalSection(ExtensibilityGlobals) = postSolution
		SolutionGuid = {A8DFBC8C-7764-4E8B-9FB1-776F4110A991}
	EndGlobalSection
EndGlobal
